
Microsoft Visual Studio Solution File, Format Version 12.00
# Visual Studio Version 16
VisualStudioVersion = 16.0.29123.88
MinimumVisualStudioVersion = 10.0.40219.1
Project("{FAE04EC0-301F-11D3-BF4B-00C04F79EFBC}") = "Kobus", "Kobus\Kobus.csproj", "{8BCFF7DE-4D9F-457C-A173-B534665FE38D}"
EndProject
Global
	GlobalSection(SolutionConfigurationPlatforms) = preSolution
		Debug|Any CPU = Debug|Any CPU
		Release|Any CPU = Release|Any CPU
	EndGlobalSection
	GlobalSection(ProjectConfigurationPlatforms) = postSolution
		{8BCFF7DE-4D9F-457C-A173-B534665FE38D}.Debug|Any CPU.ActiveCfg = Debug|Any CPU
		{8BCFF7DE-4D9F-457C-A173-B534665FE38D}.Debug|Any CPU.Build.0 = Debug|Any CPU
		{8BCFF7DE-4D9F-457C-A173-B534665FE38D}.Release|Any CPU.ActiveCfg = Release|Any CPU
		{8BCFF7DE-4D9F-457C-A173-B534665FE38D}.Release|Any CPU.Build.0 = Release|Any CPU
	EndGlobalSection
	GlobalSection(SolutionProperties) = preSolution
		HideSolutionNode = FALSE
	EndGlobalSection
	GlobalSection(ExtensibilityGlobals) = postSolution
		SolutionGuid = {AEEF16D9-701B-44F7-900F-5F3D97CF6395}
	EndGlobalSection
EndGlobal
